
Microsoft Visual Studio Solution File, Format Version 10.00
# Visual Studio 2008
Project("{FAE04EC0-301F-11D3-BF4B-00C04F79EFBC}") = "Socket_XML_Send_Receive", "Socket_XML_Send_Receive\Socket_XML_Send_Receive.csproj", "{AF99A539-572D-402B-8427-F03C2EDB7EA2}"
EndProject
Global
	GlobalSection(SolutionConfigurationPlatforms) = preSolution
		Debug|Any CPU = Debug|Any CPU
		Release|Any CPU = Release|Any CPU
	EndGlobalSection
	GlobalSection(ProjectConfigurationPlatforms) = postSolution
		{AF99A539-572D-402B-8427-F03C2EDB7EA2}.Debug|Any CPU.ActiveCfg = Debug|Any CPU
		{AF99A539-572D-402B-8427-F03C2EDB7EA2}.Debug|Any CPU.Build.0 = Debug|Any CPU
		{AF99A539-572D-402B-8427-F03C2EDB7EA2}.Release|Any CPU.ActiveCfg = Release|Any CPU
		{AF99A539-572D-402B-8427-F03C2EDB7EA2}.Release|Any CPU.Build.0 = Release|Any CPU
	EndGlobalSection
	GlobalSection(SolutionProperties) = preSolution
		HideSolutionNode = FALSE
	EndGlobalSection
EndGlobal
